{
	"name": "streamthing",
	"version": "6.1.1",
	"lockfileVersion": 3,
	"requires": true,
	"packages": {
		"": {
			"name": "streamthing",
			"version": "6.1.1",
			"license": "ISC",
			"dependencies": {
				"crypto-js": "^4.2.0",
				"jose": "^5.9.6"
			},
			"devDependencies": {
				"@types/node": "^24.9.2"
			}
		},
		"node_modules/@types/node": {
			"version": "24.9.2",
			"resolved": "https://registry.npmjs.org/@types/node/-/node-24.9.2.tgz",
			"integrity": "sha512-uWN8YqxXxqFMX2RqGOrumsKeti4LlmIMIyV0lgut4jx7KQBcBiW6vkDtIBvHnHIquwNfJhk8v2OtmO8zXWHfPA==",
			"dev": true,
			"license": "MIT",
			"dependencies": {
				"undici-types": "~7.16.0"
			}
		},
		"node_modules/crypto-js": {
			"version": "4.2.0",
			"resolved": "https://registry.npmjs.org/crypto-js/-/crypto-js-4.2.0.tgz",
			"integrity": "sha512-KALDyEYgpY+Rlob/iriUtjV6d5Eq+Y191A5g4UqLAi8CyGP9N1+FdVbkc1SxKc2r4YAYqG8JzO2KGL+AizD70Q==",
			"license": "MIT"
		},
		"node_modules/jose": {
			"version": "5.9.6",
			"resolved": "https://registry.npmjs.org/jose/-/jose-5.9.6.tgz",
			"integrity": "sha512-AMlnetc9+CV9asI19zHmrgS/WYsWUwCn2R7RzlbJWD7F9eWYUTGyBmU9o6PxngtLGOiDGPRu+Uc4fhKzbpteZQ==",
			"license": "MIT",
			"funding": {
				"url": "https://github.com/sponsors/panva"
			}
		},
		"node_modules/undici-types": {
			"version": "7.16.0",
			"resolved": "https://registry.npmjs.org/undici-types/-/undici-types-7.16.0.tgz",
			"integrity": "sha512-Zz+aZWSj8LE6zoxD+xrjh4VfkIG8Ya6LvYkZqtUQGJPZjYl53ypCaUwWqo7eI0x66KBGeRo+mlBEkMSeSZ38Nw==",
			"dev": true,
			"license": "MIT"
		}
	}
}
